
Microsoft Visual Studio Solution File, Format Version 12.00
# Visual Studio Version 17
VisualStudioVersion = 17.5.33414.496
MinimumVisualStudioVersion = 10.0.40219.1
Project("{FAE04EC0-301F-11D3-BF4B-00C04F79EFBC}") = "PE19", "PE19.csproj", "{FFEE4D6D-9778-4FBF-BFB4-5B8EDFA4E2F0}"
EndProject
Global
	GlobalSection(SolutionConfigurationPlatforms) = preSolution
		Debug|Any CPU = Debug|Any CPU
		Release|Any CPU = Release|Any CPU
	EndGlobalSection
	GlobalSection(ProjectConfigurationPlatforms) = postSolution
		{FFEE4D6D-9778-4FBF-BFB4-5B8EDFA4E2F0}.Debug|Any CPU.ActiveCfg = Debug|Any CPU
		{FFEE4D6D-9778-4FBF-BFB4-5B8EDFA4E2F0}.Debug|Any CPU.Build.0 = Debug|Any CPU
		{FFEE4D6D-9778-4FBF-BFB4-5B8EDFA4E2F0}.Release|Any CPU.ActiveCfg = Release|Any CPU
		{FFEE4D6D-9778-4FBF-BFB4-5B8EDFA4E2F0}.Release|Any CPU.Build.0 = Release|Any CPU
	EndGlobalSection
	GlobalSection(SolutionProperties) = preSolution
		HideSolutionNode = FALSE
	EndGlobalSection
	GlobalSection(ExtensibilityGlobals) = postSolution
		SolutionGuid = {E4C53EAC-8CDB-4355-B796-7B4CFA49EFDF}
	EndGlobalSection
EndGlobal
